
Microsoft Visual Studio Solution File, Format Version 12.00
# Visual Studio 15
VisualStudioVersion = 15.0.27130.2036
MinimumVisualStudioVersion = 10.0.40219.1
Project("{FAE04EC0-301F-11D3-BF4B-00C04F79EFBC}") = "1.MathOperation", "1.MathOperation\1.MathOperation.csproj", "{0A981AAA-B9E2-489F-9847-81B17B1275B5}"
EndProject
Project("{FAE04EC0-301F-11D3-BF4B-00C04F79EFBC}") = "2.Animals", "2.Animals\2.Animals.csproj", "{39964E98-19E9-4784-A2A2-7091C2599581}"
EndProject
Project("{FAE04EC0-301F-11D3-BF4B-00C04F79EFBC}") = "3.Shapes", "3.Shapes\3.Shapes.csproj", "{F47A36A3-4DC2-4D48-B4BE-D2475E864A78}"
EndProject
Global
	GlobalSection(SolutionConfigurationPlatforms) = preSolution
		Debug|Any CPU = Debug|Any CPU
		Release|Any CPU = Release|Any CPU
	EndGlobalSection
	GlobalSection(ProjectConfigurationPlatforms) = postSolution
		{0A981AAA-B9E2-489F-9847-81B17B1275B5}.Debug|Any CPU.ActiveCfg = Debug|Any CPU
		{0A981AAA-B9E2-489F-9847-81B17B1275B5}.Debug|Any CPU.Build.0 = Debug|Any CPU
		{0A981AAA-B9E2-489F-9847-81B17B1275B5}.Release|Any CPU.ActiveCfg = Release|Any CPU
		{0A981AAA-B9E2-489F-9847-81B17B1275B5}.Release|Any CPU.Build.0 = Release|Any CPU
		{39964E98-19E9-4784-A2A2-7091C2599581}.Debug|Any CPU.ActiveCfg = Debug|Any CPU
		{39964E98-19E9-4784-A2A2-7091C2599581}.Debug|Any CPU.Build.0 = Debug|Any CPU
		{39964E98-19E9-4784-A2A2-7091C2599581}.Release|Any CPU.ActiveCfg = Release|Any CPU
		{39964E98-19E9-4784-A2A2-7091C2599581}.Release|Any CPU.Build.0 = Release|Any CPU
		{F47A36A3-4DC2-4D48-B4BE-D2475E864A78}.Debug|Any CPU.ActiveCfg = Debug|Any CPU
		{F47A36A3-4DC2-4D48-B4BE-D2475E864A78}.Debug|Any CPU.Build.0 = Debug|Any CPU
		{F47A36A3-4DC2-4D48-B4BE-D2475E864A78}.Release|Any CPU.ActiveCfg = Release|Any CPU
		{F47A36A3-4DC2-4D48-B4BE-D2475E864A78}.Release|Any CPU.Build.0 = Release|Any CPU
	EndGlobalSection
	GlobalSection(SolutionProperties) = preSolution
		HideSolutionNode = FALSE
	EndGlobalSection
	GlobalSection(ExtensibilityGlobals) = postSolution
		SolutionGuid = {B1B6A075-C1B0-4768-829B-F32C3B6EB3A0}
	EndGlobalSection
EndGlobal
