
Microsoft Visual Studio Solution File, Format Version 12.00
# Visual Studio 15
VisualStudioVersion = 15.0.27130.2036
MinimumVisualStudioVersion = 10.0.40219.1
Project("{FAE04EC0-301F-11D3-BF4B-00C04F79EFBC}") = "1.Shapes", "1.Shapes\1.Shapes.csproj", "{5A1CDAEF-EEF8-4B72-99CF-A424104FC1EF}"
EndProject
Project("{FAE04EC0-301F-11D3-BF4B-00C04F79EFBC}") = "2.Cars", "2.Cars\2.Cars.csproj", "{42B3CB6D-5B55-4AD1-A26C-558183126694}"
EndProject
Global
	GlobalSection(SolutionConfigurationPlatforms) = preSolution
		Debug|Any CPU = Debug|Any CPU
		Release|Any CPU = Release|Any CPU
	EndGlobalSection
	GlobalSection(ProjectConfigurationPlatforms) = postSolution
		{5A1CDAEF-EEF8-4B72-99CF-A424104FC1EF}.Debug|Any CPU.ActiveCfg = Debug|Any CPU
		{5A1CDAEF-EEF8-4B72-99CF-A424104FC1EF}.Debug|Any CPU.Build.0 = Debug|Any CPU
		{5A1CDAEF-EEF8-4B72-99CF-A424104FC1EF}.Release|Any CPU.ActiveCfg = Release|Any CPU
		{5A1CDAEF-EEF8-4B72-99CF-A424104FC1EF}.Release|Any CPU.Build.0 = Release|Any CPU
		{42B3CB6D-5B55-4AD1-A26C-558183126694}.Debug|Any CPU.ActiveCfg = Debug|Any CPU
		{42B3CB6D-5B55-4AD1-A26C-558183126694}.Debug|Any CPU.Build.0 = Debug|Any CPU
		{42B3CB6D-5B55-4AD1-A26C-558183126694}.Release|Any CPU.ActiveCfg = Release|Any CPU
		{42B3CB6D-5B55-4AD1-A26C-558183126694}.Release|Any CPU.Build.0 = Release|Any CPU
	EndGlobalSection
	GlobalSection(SolutionProperties) = preSolution
		HideSolutionNode = FALSE
	EndGlobalSection
	GlobalSection(ExtensibilityGlobals) = postSolution
		SolutionGuid = {DC032439-3E71-424F-B21F-1AEAC9EA52B1}
	EndGlobalSection
EndGlobal
